{
  "name": "gw-draft",
  "version": "1.0.0",
  "lockfileVersion": 2,
  "requires": true,
  "packages": {
    "": {
      "name": "gw-draft",
      "version": "1.0.0",
      "license": "ISC",
      "dependencies": {
        "@discordjs/builders": "0.15.0",
        "@discordjs/rest": "0.5.0",
        "discord-api-types": "0.35.0",
        "discord.js": "13.8.1",
        "firebase-admin": "11.0.0"
      },
      "devDependencies": {
        "nodemon": "2.0.18",
        "prettier": "2.7.1",
        "typescript": "4.7.4"
      }
    },
    "../../node_modules/.pnpm/@discordjs+builders@0.15.0/node_modules/@discordjs/builders": {
      "version": "0.15.0",
      "license": "Apache-2.0",
      "dependencies": {
        "@sapphire/shapeshift": "^3.1.0",
        "@sindresorhus/is": "^4.6.0",
        "discord-api-types": "^0.33.3",
        "fast-deep-equal": "^3.1.3",
        "ts-mixer": "^6.0.1",
        "tslib": "^2.4.0"
      },
      "devDependencies": {
        "@discordjs/scripts": "^0.1.0-dev",
        "@types/node": "^16.11.38",
        "@typescript-eslint/eslint-plugin": "^5.27.0",
        "@typescript-eslint/parser": "^5.27.0",
        "eslint": "^8.17.0",
        "eslint-config-marine": "^9.4.1",
        "eslint-config-prettier": "^8.5.0",
        "eslint-plugin-import": "^2.26.0",
        "prettier": "^2.6.2",
        "tsup": "^6.0.1",
        "typedoc": "^0.22.17",
        "typescript": "^4.7.3"
      },
      "engines": {
        "node": ">=16.9.0"
      }
    },
    "../../node_modules/.pnpm/@discordjs+rest@0.5.0/node_modules/@discordjs/rest": {
      "version": "0.5.0",
      "license": "Apache-2.0",
      "dependencies": {
        "@discordjs/collection": "^0.7.0",
        "@sapphire/async-queue": "^1.3.1",
        "@sapphire/snowflake": "^3.2.2",
        "discord-api-types": "^0.33.3",
        "tslib": "^2.4.0",
        "undici": "^5.4.0"
      },
      "devDependencies": {
        "@babel/core": "^7.18.2",
        "@babel/plugin-proposal-decorators": "^7.18.2",
        "@babel/preset-env": "^7.18.2",
        "@babel/preset-typescript": "^7.17.12",
        "@discordjs/ts-docgen": "^0.4.1",
        "@types/jest": "^28.1.0",
        "@typescript-eslint/eslint-plugin": "^5.27.0",
        "@typescript-eslint/parser": "^5.27.0",
        "babel-plugin-const-enum": "^1.2.0",
        "babel-plugin-transform-typescript-metadata": "^0.3.2",
        "eslint": "^8.17.0",
        "eslint-config-marine": "^9.4.1",
        "eslint-config-prettier": "^8.5.0",
        "eslint-plugin-import": "^2.26.0",
        "jest": "^28.1.0",
        "prettier": "^2.6.2",
        "tsup": "^6.0.1",
        "typedoc": "^0.22.17",
        "typescript": "^4.7.3"
      },
      "engines": {
        "node": ">=16.9.0"
      }
    },
    "../../node_modules/.pnpm/discord-api-types@0.35.0/node_modules/discord-api-types": {
      "version": "0.35.0",
      "license": "MIT",
      "devDependencies": {
        "@babel/runtime-corejs3": "^7.18.0",
        "@commitlint/cli": "^17.0.0",
        "@commitlint/config-angular": "^17.0.0",
        "@favware/npm-deprecate": "^1.0.4",
        "@octokit/action": "^3.18.1",
        "@octokit/webhooks-types": "^5.6.0",
        "@sapphire/prettier-config": "^1.4.3",
        "@types/conventional-recommended-bump": "^6.1.0",
        "@types/node": "^17.0.35",
        "@typescript-eslint/eslint-plugin": "^5.26.0",
        "@typescript-eslint/parser": "^5.26.0",
        "conventional-changelog-cli": "^2.2.2",
        "conventional-recommended-bump": "^6.1.0",
        "eslint": "^8.16.0",
        "eslint-config-marine": "^9.4.1",
        "eslint-config-prettier": "^8.5.0",
        "eslint-import-resolver-typescript": "^2.7.1",
        "eslint-plugin-import": "^2.26.0",
        "eslint-plugin-jsx-a11y": "^6.5.1",
        "eslint-plugin-react": "^7.30.0",
        "eslint-plugin-react-hooks": "^4.5.0",
        "gen-esm-wrapper": "^1.1.3",
        "husky": "^8.0.1",
        "is-ci": "^3.0.1",
        "lint-staged": "^12.4.1",
        "npm-run-all": "^4.1.5",
        "prettier": "^2.6.2",
        "pretty-quick": "^3.1.3",
        "rimraf": "^3.0.2",
        "tsd": "^0.20.0",
        "typescript": "^4.6.4"
      }
    },
    "../../node_modules/.pnpm/discord.js@13.8.1/node_modules/discord.js": {
      "version": "13.8.1",
      "license": "Apache-2.0",
      "dependencies": {
        "@discordjs/builders": "^0.14.0",
        "@discordjs/collection": "^0.7.0",
        "@sapphire/async-queue": "^1.3.1",
        "@types/node-fetch": "^2.6.1",
        "@types/ws": "^8.5.3",
        "discord-api-types": "^0.33.3",
        "form-data": "^4.0.0",
        "node-fetch": "^2.6.1",
        "ws": "^8.7.0"
      },
      "devDependencies": {
        "@commitlint/cli": "^17.0.2",
        "@commitlint/config-angular": "^17.0.0",
        "@discordjs/docgen": "^0.11.1",
        "@favware/npm-deprecate": "^1.0.4",
        "@types/node": "^16.11.38",
        "conventional-changelog-cli": "^2.2.2",
        "dtslint": "^4.2.1",
        "eslint": "^8.17.0",
        "eslint-config-prettier": "^8.5.0",
        "eslint-plugin-import": "^2.26.0",
        "eslint-plugin-prettier": "^4.0.0",
        "husky": "^8.0.1",
        "is-ci": "^3.0.1",
        "jest": "^28.1.0",
        "lint-staged": "^13.0.0",
        "prettier": "^2.6.2",
        "tsd": "^0.20.0",
        "tslint": "^6.1.3",
        "typescript": "^4.7.3"
      },
      "engines": {
        "node": ">=16.6.0",
        "npm": ">=7.0.0"
      }
    },
    "../../node_modules/.pnpm/firebase-admin@11.0.0/node_modules/firebase-admin": {
      "version": "11.0.0",
      "license": "Apache-2.0",
      "dependencies": {
        "@fastify/busboy": "^1.1.0",
        "@firebase/database-compat": "^0.2.0",
        "@firebase/database-types": "^0.9.7",
        "@types/node": ">=12.12.47",
        "jsonwebtoken": "^8.5.1",
        "jwks-rsa": "^2.0.2",
        "node-forge": "^1.3.1",
        "uuid": "^8.3.2"
      },
      "devDependencies": {
        "@firebase/api-documenter": "^0.1.2",
        "@firebase/app-compat": "^0.1.2",
        "@firebase/auth-compat": "^0.2.5",
        "@firebase/auth-types": "^0.11.0",
        "@microsoft/api-extractor": "^7.11.2",
        "@types/bcrypt": "^5.0.0",
        "@types/chai": "^4.0.0",
        "@types/chai-as-promised": "^7.1.0",
        "@types/firebase-token-generator": "^2.0.28",
        "@types/jsonwebtoken": "8.5.1",
        "@types/lodash": "^4.14.104",
        "@types/minimist": "^1.2.2",
        "@types/mocha": "^9.0.0",
        "@types/nock": "^11.1.0",
        "@types/request": "^2.47.0",
        "@types/request-promise": "^4.1.41",
        "@types/sinon": "^10.0.2",
        "@types/sinon-chai": "^3.0.0",
        "@types/uuid": "^8.3.4",
        "@typescript-eslint/eslint-plugin": "^5.0.0",
        "@typescript-eslint/parser": "^5.0.0",
        "bcrypt": "^5.0.0",
        "chai": "^4.2.0",
        "chai-as-promised": "^7.0.0",
        "chai-exclude": "^2.1.0",
        "chalk": "^4.1.1",
        "child-process-promise": "^2.2.1",
        "del": "^6.0.0",
        "eslint": "^8.12.0",
        "firebase-token-generator": "^2.0.0",
        "gulp": "^4.0.2",
        "gulp-filter": "^7.0.0",
        "gulp-header": "^2.0.9",
        "gulp-typescript": "^5.0.1",
        "http-message-parser": "^0.0.34",
        "lodash": "^4.17.15",
        "minimist": "^1.2.6",
        "mocha": "^10.0.0",
        "mz": "^2.7.0",
        "nock": "^13.0.0",
        "npm-run-all": "^4.1.5",
        "nyc": "^15.1.0",
        "request": "^2.75.0",
        "request-promise": "^4.1.1",
        "run-sequence": "^2.2.1",
        "sinon": "^14.0.0",
        "sinon-chai": "^3.0.0",
        "ts-node": "^10.2.0",
        "typescript": "^4.6.4",
        "yargs": "^17.0.1"
      },
      "engines": {
        "node": ">=14"
      },
      "optionalDependencies": {
        "@google-cloud/firestore": "^5.0.2",
        "@google-cloud/storage": "^6.1.0"
      }
    },
    "../../node_modules/.pnpm/nodemon@2.0.18/node_modules/nodemon": {
      "version": "2.0.18",
      "dev": true,
      "hasInstallScript": true,
      "license": "MIT",
      "dependencies": {
        "chokidar": "^3.5.2",
        "debug": "^3.2.7",
        "ignore-by-default": "^1.0.1",
        "minimatch": "^3.0.4",
        "pstree.remy": "^1.1.8",
        "semver": "^5.7.1",
        "supports-color": "^5.5.0",
        "touch": "^3.1.0",
        "undefsafe": "^2.0.5",
        "update-notifier": "^5.1.0"
      },
      "bin": {
        "nodemon": "bin/nodemon.js"
      },
      "devDependencies": {
        "@commitlint/cli": "^11.0.0",
        "@commitlint/config-conventional": "^11.0.0",
        "async": "1.4.2",
        "coffee-script": "~1.7.1",
        "eslint": "^7.32.0",
        "husky": "^7.0.4",
        "mocha": "^2.5.3",
        "nyc": "^15.1.0",
        "proxyquire": "^1.8.0",
        "semantic-release": "^18.0.0",
        "should": "~4.0.0"
      },
      "engines": {
        "node": ">=8.10.0"
      },
      "funding": {
        "type": "opencollective",
        "url": "https://opencollective.com/nodemon"
      }
    },
    "../../node_modules/.pnpm/prettier@2.7.1/node_modules/prettier": {
      "version": "2.7.1",
      "dev": true,
      "license": "MIT",
      "bin": {
        "prettier": "bin-prettier.js"
      },
      "engines": {
        "node": ">=10.13.0"
      },
      "funding": {
        "url": "https://github.com/prettier/prettier?sponsor=1"
      }
    },
    "../../node_modules/.pnpm/typescript@4.7.4/node_modules/typescript": {
      "version": "4.7.4",
      "dev": true,
      "license": "Apache-2.0",
      "bin": {
        "tsc": "bin/tsc",
        "tsserver": "bin/tsserver"
      },
      "devDependencies": {
        "@octokit/rest": "latest",
        "@types/chai": "latest",
        "@types/convert-source-map": "latest",
        "@types/glob": "latest",
        "@types/gulp": "^4.0.9",
        "@types/gulp-concat": "latest",
        "@types/gulp-newer": "latest",
        "@types/gulp-rename": "0.0.33",
        "@types/gulp-sourcemaps": "0.0.32",
        "@types/merge2": "latest",
        "@types/microsoft__typescript-etw": "latest",
        "@types/minimatch": "latest",
        "@types/minimist": "latest",
        "@types/mkdirp": "latest",
        "@types/mocha": "latest",
        "@types/ms": "latest",
        "@types/node": "latest",
        "@types/node-fetch": "^2.3.4",
        "@types/q": "latest",
        "@types/source-map-support": "latest",
        "@types/xml2js": "^0.4.0",
        "@typescript-eslint/eslint-plugin": "^4.28.0",
        "@typescript-eslint/experimental-utils": "^4.28.0",
        "@typescript-eslint/parser": "^4.28.0",
        "async": "latest",
        "azure-devops-node-api": "^11.0.1",
        "chai": "latest",
        "chalk": "^4.1.2",
        "convert-source-map": "latest",
        "del": "5.1.0",
        "diff": "^4.0.2",
        "eslint": "7.12.1",
        "eslint-formatter-autolinkable-stylish": "1.1.4",
        "eslint-plugin-import": "2.22.1",
        "eslint-plugin-jsdoc": "30.7.6",
        "eslint-plugin-no-null": "1.0.2",
        "fancy-log": "latest",
        "fs-extra": "^9.0.0",
        "glob": "latest",
        "gulp": "^4.0.0",
        "gulp-concat": "latest",
        "gulp-insert": "latest",
        "gulp-newer": "latest",
        "gulp-rename": "latest",
        "gulp-sourcemaps": "latest",
        "merge2": "latest",
        "minimist": "latest",
        "mkdirp": "latest",
        "mocha": "latest",
        "mocha-fivemat-progress-reporter": "latest",
        "ms": "^2.1.3",
        "node-fetch": "^2.6.1",
        "prex": "^0.4.3",
        "q": "latest",
        "source-map-support": "latest",
        "typescript": "^4.5.5",
        "vinyl": "latest",
        "vinyl-sourcemaps-apply": "latest",
        "xml2js": "^0.4.19"
      },
      "engines": {
        "node": ">=4.2.0"
      }
    },
    "node_modules/@discordjs/builders": {
      "resolved": "../../node_modules/.pnpm/@discordjs+builders@0.15.0/node_modules/@discordjs/builders",
      "link": true
    },
    "node_modules/@discordjs/rest": {
      "resolved": "../../node_modules/.pnpm/@discordjs+rest@0.5.0/node_modules/@discordjs/rest",
      "link": true
    },
    "node_modules/discord-api-types": {
      "resolved": "../../node_modules/.pnpm/discord-api-types@0.35.0/node_modules/discord-api-types",
      "link": true
    },
    "node_modules/discord.js": {
      "resolved": "../../node_modules/.pnpm/discord.js@13.8.1/node_modules/discord.js",
      "link": true
    },
    "node_modules/firebase-admin": {
      "resolved": "../../node_modules/.pnpm/firebase-admin@11.0.0/node_modules/firebase-admin",
      "link": true
    },
    "node_modules/nodemon": {
      "resolved": "../../node_modules/.pnpm/nodemon@2.0.18/node_modules/nodemon",
      "link": true
    },
    "node_modules/prettier": {
      "resolved": "../../node_modules/.pnpm/prettier@2.7.1/node_modules/prettier",
      "link": true
    },
    "node_modules/typescript": {
      "resolved": "../../node_modules/.pnpm/typescript@4.7.4/node_modules/typescript",
      "link": true
    }
  },
  "dependencies": {
    "@discordjs/builders": {
      "version": "file:../../node_modules/.pnpm/@discordjs+builders@0.15.0/node_modules/@discordjs/builders",
      "requires": {
        "@discordjs/scripts": "^0.1.0-dev",
        "@sapphire/shapeshift": "^3.1.0",
        "@sindresorhus/is": "^4.6.0",
        "@types/node": "^16.11.38",
        "@typescript-eslint/eslint-plugin": "^5.27.0",
        "@typescript-eslint/parser": "^5.27.0",
        "discord-api-types": "^0.33.3",
        "eslint": "^8.17.0",
        "eslint-config-marine": "^9.4.1",
        "eslint-config-prettier": "^8.5.0",
        "eslint-plugin-import": "^2.26.0",
        "fast-deep-equal": "^3.1.3",
        "prettier": "^2.6.2",
        "ts-mixer": "^6.0.1",
        "tslib": "^2.4.0",
        "tsup": "^6.0.1",
        "typedoc": "^0.22.17",
        "typescript": "^4.7.3"
      }
    },
    "@discordjs/rest": {
      "version": "file:../../node_modules/.pnpm/@discordjs+rest@0.5.0/node_modules/@discordjs/rest",
      "requires": {
        "@babel/core": "^7.18.2",
        "@babel/plugin-proposal-decorators": "^7.18.2",
        "@babel/preset-env": "^7.18.2",
        "@babel/preset-typescript": "^7.17.12",
        "@discordjs/collection": "^0.7.0",
        "@discordjs/ts-docgen": "^0.4.1",
        "@sapphire/async-queue": "^1.3.1",
        "@sapphire/snowflake": "^3.2.2",
        "@types/jest": "^28.1.0",
        "@typescript-eslint/eslint-plugin": "^5.27.0",
        "@typescript-eslint/parser": "^5.27.0",
        "babel-plugin-const-enum": "^1.2.0",
        "babel-plugin-transform-typescript-metadata": "^0.3.2",
        "discord-api-types": "^0.33.3",
        "eslint": "^8.17.0",
        "eslint-config-marine": "^9.4.1",
        "eslint-config-prettier": "^8.5.0",
        "eslint-plugin-import": "^2.26.0",
        "jest": "^28.1.0",
        "prettier": "^2.6.2",
        "tslib": "^2.4.0",
        "tsup": "^6.0.1",
        "typedoc": "^0.22.17",
        "typescript": "^4.7.3",
        "undici": "^5.4.0"
      }
    },
    "discord-api-types": {
      "version": "file:../../node_modules/.pnpm/discord-api-types@0.35.0/node_modules/discord-api-types",
      "requires": {
        "@babel/runtime-corejs3": "^7.18.0",
        "@commitlint/cli": "^17.0.0",
        "@commitlint/config-angular": "^17.0.0",
        "@favware/npm-deprecate": "^1.0.4",
        "@octokit/action": "^3.18.1",
        "@octokit/webhooks-types": "^5.6.0",
        "@sapphire/prettier-config": "^1.4.3",
        "@types/conventional-recommended-bump": "^6.1.0",
        "@types/node": "^17.0.35",
        "@typescript-eslint/eslint-plugin": "^5.26.0",
        "@typescript-eslint/parser": "^5.26.0",
        "conventional-changelog-cli": "^2.2.2",
        "conventional-recommended-bump": "^6.1.0",
        "eslint": "^8.16.0",
        "eslint-config-marine": "^9.4.1",
        "eslint-config-prettier": "^8.5.0",
        "eslint-import-resolver-typescript": "^2.7.1",
        "eslint-plugin-import": "^2.26.0",
        "eslint-plugin-jsx-a11y": "^6.5.1",
        "eslint-plugin-react": "^7.30.0",
        "eslint-plugin-react-hooks": "^4.5.0",
        "gen-esm-wrapper": "^1.1.3",
        "husky": "^8.0.1",
        "is-ci": "^3.0.1",
        "lint-staged": "^12.4.1",
        "npm-run-all": "^4.1.5",
        "prettier": "^2.6.2",
        "pretty-quick": "^3.1.3",
        "rimraf": "^3.0.2",
        "tsd": "^0.20.0",
        "typescript": "^4.6.4"
      }
    },
    "discord.js": {
      "version": "file:../../node_modules/.pnpm/discord.js@13.8.1/node_modules/discord.js",
      "requires": {
        "@commitlint/cli": "^17.0.2",
        "@commitlint/config-angular": "^17.0.0",
        "@discordjs/builders": "^0.14.0",
        "@discordjs/collection": "^0.7.0",
        "@discordjs/docgen": "^0.11.1",
        "@favware/npm-deprecate": "^1.0.4",
        "@sapphire/async-queue": "^1.3.1",
        "@types/node": "^16.11.38",
        "@types/node-fetch": "^2.6.1",
        "@types/ws": "^8.5.3",
        "conventional-changelog-cli": "^2.2.2",
        "discord-api-types": "^0.33.3",
        "dtslint": "^4.2.1",
        "eslint": "^8.17.0",
        "eslint-config-prettier": "^8.5.0",
        "eslint-plugin-import": "^2.26.0",
        "eslint-plugin-prettier": "^4.0.0",
        "form-data": "^4.0.0",
        "husky": "^8.0.1",
        "is-ci": "^3.0.1",
        "jest": "^28.1.0",
        "lint-staged": "^13.0.0",
        "node-fetch": "^2.6.1",
        "prettier": "^2.6.2",
        "tsd": "^0.20.0",
        "tslint": "^6.1.3",
        "typescript": "^4.7.3",
        "ws": "^8.7.0"
      }
    },
    "firebase-admin": {
      "version": "file:../../node_modules/.pnpm/firebase-admin@11.0.0/node_modules/firebase-admin",
      "requires": {
        "@fastify/busboy": "^1.1.0",
        "@firebase/api-documenter": "^0.1.2",
        "@firebase/app-compat": "^0.1.2",
        "@firebase/auth-compat": "^0.2.5",
        "@firebase/auth-types": "^0.11.0",
        "@firebase/database-compat": "^0.2.0",
        "@firebase/database-types": "^0.9.7",
        "@google-cloud/firestore": "^5.0.2",
        "@google-cloud/storage": "^6.1.0",
        "@microsoft/api-extractor": "^7.11.2",
        "@types/bcrypt": "^5.0.0",
        "@types/chai": "^4.0.0",
        "@types/chai-as-promised": "^7.1.0",
        "@types/firebase-token-generator": "^2.0.28",
        "@types/jsonwebtoken": "8.5.1",
        "@types/lodash": "^4.14.104",
        "@types/minimist": "^1.2.2",
        "@types/mocha": "^9.0.0",
        "@types/nock": "^11.1.0",
        "@types/node": ">=12.12.47",
        "@types/request": "^2.47.0",
        "@types/request-promise": "^4.1.41",
        "@types/sinon": "^10.0.2",
        "@types/sinon-chai": "^3.0.0",
        "@types/uuid": "^8.3.4",
        "@typescript-eslint/eslint-plugin": "^5.0.0",
        "@typescript-eslint/parser": "^5.0.0",
        "bcrypt": "^5.0.0",
        "chai": "^4.2.0",
        "chai-as-promised": "^7.0.0",
        "chai-exclude": "^2.1.0",
        "chalk": "^4.1.1",
        "child-process-promise": "^2.2.1",
        "del": "^6.0.0",
        "eslint": "^8.12.0",
        "firebase-token-generator": "^2.0.0",
        "gulp": "^4.0.2",
        "gulp-filter": "^7.0.0",
        "gulp-header": "^2.0.9",
        "gulp-typescript": "^5.0.1",
        "http-message-parser": "^0.0.34",
        "jsonwebtoken": "^8.5.1",
        "jwks-rsa": "^2.0.2",
        "lodash": "^4.17.15",
        "minimist": "^1.2.6",
        "mocha": "^10.0.0",
        "mz": "^2.7.0",
        "nock": "^13.0.0",
        "node-forge": "^1.3.1",
        "npm-run-all": "^4.1.5",
        "nyc": "^15.1.0",
        "request": "^2.75.0",
        "request-promise": "^4.1.1",
        "run-sequence": "^2.2.1",
        "sinon": "^14.0.0",
        "sinon-chai": "^3.0.0",
        "ts-node": "^10.2.0",
        "typescript": "^4.6.4",
        "uuid": "^8.3.2",
        "yargs": "^17.0.1"
      }
    },
    "nodemon": {
      "version": "file:../../node_modules/.pnpm/nodemon@2.0.18/node_modules/nodemon",
      "requires": {
        "@commitlint/cli": "^11.0.0",
        "@commitlint/config-conventional": "^11.0.0",
        "async": "1.4.2",
        "chokidar": "^3.5.2",
        "coffee-script": "~1.7.1",
        "debug": "^3.2.7",
        "eslint": "^7.32.0",
        "husky": "^7.0.4",
        "ignore-by-default": "^1.0.1",
        "minimatch": "^3.0.4",
        "mocha": "^2.5.3",
        "nyc": "^15.1.0",
        "proxyquire": "^1.8.0",
        "pstree.remy": "^1.1.8",
        "semantic-release": "^18.0.0",
        "semver": "^5.7.1",
        "should": "~4.0.0",
        "supports-color": "^5.5.0",
        "touch": "^3.1.0",
        "undefsafe": "^2.0.5",
        "update-notifier": "^5.1.0"
      }
    },
    "prettier": {
      "version": "file:../../node_modules/.pnpm/prettier@2.7.1/node_modules/prettier"
    },
    "typescript": {
      "version": "file:../../node_modules/.pnpm/typescript@4.7.4/node_modules/typescript",
      "requires": {
        "@octokit/rest": "latest",
        "@types/chai": "latest",
        "@types/convert-source-map": "latest",
        "@types/glob": "latest",
        "@types/gulp": "^4.0.9",
        "@types/gulp-concat": "latest",
        "@types/gulp-newer": "latest",
        "@types/gulp-rename": "0.0.33",
        "@types/gulp-sourcemaps": "0.0.32",
        "@types/merge2": "latest",
        "@types/microsoft__typescript-etw": "latest",
        "@types/minimatch": "latest",
        "@types/minimist": "latest",
        "@types/mkdirp": "latest",
        "@types/mocha": "latest",
        "@types/ms": "latest",
        "@types/node": "latest",
        "@types/node-fetch": "^2.3.4",
        "@types/q": "latest",
        "@types/source-map-support": "latest",
        "@types/xml2js": "^0.4.0",
        "@typescript-eslint/eslint-plugin": "^4.28.0",
        "@typescript-eslint/experimental-utils": "^4.28.0",
        "@typescript-eslint/parser": "^4.28.0",
        "async": "latest",
        "azure-devops-node-api": "^11.0.1",
        "chai": "latest",
        "chalk": "^4.1.2",
        "convert-source-map": "latest",
        "del": "5.1.0",
        "diff": "^4.0.2",
        "eslint": "7.12.1",
        "eslint-formatter-autolinkable-stylish": "1.1.4",
        "eslint-plugin-import": "2.22.1",
        "eslint-plugin-jsdoc": "30.7.6",
        "eslint-plugin-no-null": "1.0.2",
        "fancy-log": "latest",
        "fs-extra": "^9.0.0",
        "glob": "latest",
        "gulp": "^4.0.0",
        "gulp-concat": "latest",
        "gulp-insert": "latest",
        "gulp-newer": "latest",
        "gulp-rename": "latest",
        "gulp-sourcemaps": "latest",
        "merge2": "latest",
        "minimist": "latest",
        "mkdirp": "latest",
        "mocha": "latest",
        "mocha-fivemat-progress-reporter": "latest",
        "ms": "^2.1.3",
        "node-fetch": "^2.6.1",
        "prex": "^0.4.3",
        "q": "latest",
        "source-map-support": "latest",
        "typescript": "^4.5.5",
        "vinyl": "latest",
        "vinyl-sourcemaps-apply": "latest",
        "xml2js": "^0.4.19"
      }
    }
  }
}
